// !$*UTF8*$!
{
	archiveVersion = 1;
	classes = {
	};
	objectVersion = 51;
	objects = {

/* Begin PBXBuildFile section */
		C83E7BDF9E32C0F8DF4A5126 /* Pods_CalmPets.framework in Frameworks */ = {isa = PBXBuildFile; fileRef = 8A83A0C51B42A0ABD46AAABA /* Pods_CalmPets.framework */; };
		DA53B262267C2374001D8123 /* MainView.swift in Sources */ = {isa = PBXBuildFile; fileRef = DA53B261267C2374001D8123 /* MainView.swift */; };
		DA53B264267C6F85001D8123 /* PetFormView.swift in Sources */ = {isa = PBXBuildFile; fileRef = DA53B263267C6F85001D8123 /* PetFormView.swift */; };
		DA53B266267C6FA3001D8123 /* AnimalsEnum.swift in Sources */ = {isa = PBXBuildFile; fileRef = DA53B265267C6FA3001D8123 /* AnimalsEnum.swift */; };
		DABD24D1267ADA890018A3FC /* AppDelegate.swift in Sources */ = {isa = PBXBuildFile; fileRef = DABD24D0267ADA890018A3FC /* AppDelegate.swift */; };
		DABD24D3267ADA890018A3FC /* SceneDelegate.swift in Sources */ = {isa = PBXBuildFile; fileRef = DABD24D2267ADA890018A3FC /* SceneDelegate.swift */; };
		DABD24D5267ADA890018A3FC /* ContentView.swift in Sources */ = {isa = PBXBuildFile; fileRef = DABD24D4267ADA890018A3FC /* ContentView.swift */; };
		DABD24D7267ADA8A0018A3FC /* Assets.xcassets in Resources */ = {isa = PBXBuildFile; fileRef = DABD24D6267ADA8A0018A3FC /* Assets.xcassets */; };
		DABD24DA267ADA8A0018A3FC /* Preview Assets.xcassets in Resources */ = {isa = PBXBuildFile; fileRef = DABD24D9267ADA8A0018A3FC /* Preview Assets.xcassets */; };
		DABD24DD267ADA8A0018A3FC /* LaunchScreen.storyboard in Resources */ = {isa = PBXBuildFile; fileRef = DABD24DB267ADA8A0018A3FC /* LaunchScreen.storyboard */; };
		DABD24E8267ADD330018A3FC /* HomeView.swift in Sources */ = {isa = PBXBuildFile; fileRef = DABD24E7267ADD330018A3FC /* HomeView.swift */; };
		DABD24EC267AE6090018A3FC /* GeneralPetsView.swift in Sources */ = {isa = PBXBuildFile; fileRef = DABD24EB267AE6090018A3FC /* GeneralPetsView.swift */; };
		DABD24EE267AE6200018A3FC /* UserPetsView.swift in Sources */ = {isa = PBXBuildFile; fileRef = DABD24ED267AE6200018A3FC /* UserPetsView.swift */; };
		DABD24F1267B09330018A3FC /* TabBarButton.swift in Sources */ = {isa = PBXBuildFile; fileRef = DABD24F0267B09330018A3FC /* TabBarButton.swift */; };
		DABD24F3267B0AC90018A3FC /* TopBar.swift in Sources */ = {isa = PBXBuildFile; fileRef = DABD24F2267B0AC90018A3FC /* TopBar.swift */; };
		DABD24FE267B0B8E0018A3FC /* PetModel.swift in Sources */ = {isa = PBXBuildFile; fileRef = DABD24F5267B0B8E0018A3FC /* PetModel.swift */; };
		DABD2500267B0B8E0018A3FC /* PetViewModel.swift in Sources */ = {isa = PBXBuildFile; fileRef = DABD24F8267B0B8E0018A3FC /* PetViewModel.swift */; };
		DABD2501267B0B8E0018A3FC /* PetListViewModel.swift in Sources */ = {isa = PBXBuildFile; fileRef = DABD24F9267B0B8E0018A3FC /* PetListViewModel.swift */; };
		DABD2502267B0B8E0018A3FC /* FirestoreCollectionsEnum.swift in Sources */ = {isa = PBXBuildFile; fileRef = DABD24FB267B0B8E0018A3FC /* FirestoreCollectionsEnum.swift */; };
		DABD2503267B0B8E0018A3FC /* PetRepository.swift in Sources */ = {isa = PBXBuildFile; fileRef = DABD24FD267B0B8E0018A3FC /* PetRepository.swift */; };
		DABD2508267B0BFD0018A3FC /* FirebaseUIView.swift in Sources */ = {isa = PBXBuildFile; fileRef = DABD2506267B0BFD0018A3FC /* FirebaseUIView.swift */; };
		DABD2509267B0BFD0018A3FC /* CustomLoginView.swift in Sources */ = {isa = PBXBuildFile; fileRef = DABD2507267B0BFD0018A3FC /* CustomLoginView.swift */; };
		DABD250B267B0D0B0018A3FC /* PetCard.swift in Sources */ = {isa = PBXBuildFile; fileRef = DABD250A267B0D0B0018A3FC /* PetCard.swift */; };
		DABD250D267B10650018A3FC /* GoogleService-Info.plist in Resources */ = {isa = PBXBuildFile; fileRef = DABD250C267B10650018A3FC /* GoogleService-Info.plist */; };
		DABD250F267B918F0018A3FC /* ScrollableTabBar.swift in Sources */ = {isa = PBXBuildFile; fileRef = DABD250E267B918E0018A3FC /* ScrollableTabBar.swift */; };
		DAF531A52688563A008E3D6D /* Pet.swift in Sources */ = {isa = PBXBuildFile; fileRef = DAF531A42688563A008E3D6D /* Pet.swift */; };
		DAF531AE268868C6008E3D6D /* GenresEnum.swift in Sources */ = {isa = PBXBuildFile; fileRef = DAF531AD268868C6008E3D6D /* GenresEnum.swift */; };
		DAFABD952686B64400339010 /* CameraView.swift in Sources */ = {isa = PBXBuildFile; fileRef = DAFABD942686B64400339010 /* CameraView.swift */; };
		DAFABD972686B79900339010 /* CameraModel.swift in Sources */ = {isa = PBXBuildFile; fileRef = DAFABD962686B79900339010 /* CameraModel.swift */; };
/* End PBXBuildFile section */

/* Begin PBXFileReference section */
		368277DC047393F694982E8A /* Pods-CalmPets.release.xcconfig */ = {isa = PBXFileReference; includeInIndex = 1; lastKnownFileType = text.xcconfig; name = "Pods-CalmPets.release.xcconfig"; path = "Target Support Files/Pods-CalmPets/Pods-CalmPets.release.xcconfig"; sourceTree = "<group>"; };
		8A83A0C51B42A0ABD46AAABA /* Pods_CalmPets.framework */ = {isa = PBXFileReference; explicitFileType = wrapper.framework; includeInIndex = 0; path = Pods_CalmPets.framework; sourceTree = BUILT_PRODUCTS_DIR; };
		D27DECBCBC3E7000122E1488 /* Pods-CalmPets.debug.xcconfig */ = {isa = PBXFileReference; includeInIndex = 1; lastKnownFileType = text.xcconfig; name = "Pods-CalmPets.debug.xcconfig"; path = "Target Support Files/Pods-CalmPets/Pods-CalmPets.debug.xcconfig"; sourceTree = "<group>"; };
		DA53B261267C2374001D8123 /* MainView.swift */ = {isa = PBXFileReference; lastKnownFileType = sourcecode.swift; path = MainView.swift; sourceTree = "<group>"; };
		DA53B263267C6F85001D8123 /* PetFormView.swift */ = {isa = PBXFileReference; fileEncoding = 4; lastKnownFileType = sourcecode.swift; path = PetFormView.swift; sourceTree = "<group>"; };
		DA53B265267C6FA3001D8123 /* AnimalsEnum.swift */ = {isa = PBXFileReference; lastKnownFileType = sourcecode.swift; path = AnimalsEnum.swift; sourceTree = "<group>"; };
		DABD24CD267ADA890018A3FC /* CalmPets.app */ = {isa = PBXFileReference; explicitFileType = wrapper.application; includeInIndex = 0; path = CalmPets.app; sourceTree = BUILT_PRODUCTS_DIR; };
		DABD24D0267ADA890018A3FC /* AppDelegate.swift */ = {isa = PBXFileReference; lastKnownFileType = sourcecode.swift; path = AppDelegate.swift; sourceTree = "<group>"; };
		DABD24D2267ADA890018A3FC /* SceneDelegate.swift */ = {isa = PBXFileReference; lastKnownFileType = sourcecode.swift; path = SceneDelegate.swift; sourceTree = "<group>"; };
		DABD24D4267ADA890018A3FC /* ContentView.swift */ = {isa = PBXFileReference; lastKnownFileType = sourcecode.swift; path = ContentView.swift; sourceTree = "<group>"; };
		DABD24D6267ADA8A0018A3FC /* Assets.xcassets */ = {isa = PBXFileReference; lastKnownFileType = folder.assetcatalog; path = Assets.xcassets; sourceTree = "<group>"; };
		DABD24D9267ADA8A0018A3FC /* Preview Assets.xcassets */ = {isa = PBXFileReference; lastKnownFileType = folder.assetcatalog; path = "Preview Assets.xcassets"; sourceTree = "<group>"; };
		DABD24DC267ADA8A0018A3FC /* Base */ = {isa = PBXFileReference; lastKnownFileType = file.storyboard; name = Base; path = Base.lproj/LaunchScreen.storyboard; sourceTree = "<group>"; };
		DABD24DE267ADA8B0018A3FC /* Info.plist */ = {isa = PBXFileReference; lastKnownFileType = text.plist.xml; path = Info.plist; sourceTree = "<group>"; };
		DABD24E7267ADD330018A3FC /* HomeView.swift */ = {isa = PBXFileReference; lastKnownFileType = sourcecode.swift; path = HomeView.swift; sourceTree = "<group>"; };
		DABD24EB267AE6090018A3FC /* GeneralPetsView.swift */ = {isa = PBXFileReference; lastKnownFileType = sourcecode.swift; path = GeneralPetsView.swift; sourceTree = "<group>"; };
		DABD24ED267AE6200018A3FC /* UserPetsView.swift */ = {isa = PBXFileReference; lastKnownFileType = sourcecode.swift; path = UserPetsView.swift; sourceTree = "<group>"; };
		DABD24F0267B09330018A3FC /* TabBarButton.swift */ = {isa = PBXFileReference; lastKnownFileType = sourcecode.swift; path = TabBarButton.swift; sourceTree = "<group>"; };
		DABD24F2267B0AC90018A3FC /* TopBar.swift */ = {isa = PBXFileReference; lastKnownFileType = sourcecode.swift; path = TopBar.swift; sourceTree = "<group>"; };
		DABD24F5267B0B8E0018A3FC /* PetModel.swift */ = {isa = PBXFileReference; fileEncoding = 4; lastKnownFileType = sourcecode.swift; path = PetModel.swift; sourceTree = "<group>"; };
		DABD24F8267B0B8E0018A3FC /* PetViewModel.swift */ = {isa = PBXFileReference; fileEncoding = 4; lastKnownFileType = sourcecode.swift; path = PetViewModel.swift; sourceTree = "<group>"; };
		DABD24F9267B0B8E0018A3FC /* PetListViewModel.swift */ = {isa = PBXFileReference; fileEncoding = 4; lastKnownFileType = sourcecode.swift; path = PetListViewModel.swift; sourceTree = "<group>"; };
		DABD24FB267B0B8E0018A3FC /* FirestoreCollectionsEnum.swift */ = {isa = PBXFileReference; fileEncoding = 4; lastKnownFileType = sourcecode.swift; path = FirestoreCollectionsEnum.swift; sourceTree = "<group>"; };
		DABD24FD267B0B8E0018A3FC /* PetRepository.swift */ = {isa = PBXFileReference; fileEncoding = 4; lastKnownFileType = sourcecode.swift; path = PetRepository.swift; sourceTree = "<group>"; };
		DABD2506267B0BFD0018A3FC /* FirebaseUIView.swift */ = {isa = PBXFileReference; fileEncoding = 4; lastKnownFileType = sourcecode.swift; path = FirebaseUIView.swift; sourceTree = "<group>"; };
		DABD2507267B0BFD0018A3FC /* CustomLoginView.swift */ = {isa = PBXFileReference; fileEncoding = 4; lastKnownFileType = sourcecode.swift; path = CustomLoginView.swift; sourceTree = "<group>"; };
		DABD250A267B0D0B0018A3FC /* PetCard.swift */ = {isa = PBXFileReference; lastKnownFileType = sourcecode.swift; path = PetCard.swift; sourceTree = "<group>"; };
		DABD250C267B10650018A3FC /* GoogleService-Info.plist */ = {isa = PBXFileReference; fileEncoding = 4; lastKnownFileType = text.plist.xml; path = "GoogleService-Info.plist"; sourceTree = "<group>"; };
		DABD250E267B918E0018A3FC /* ScrollableTabBar.swift */ = {isa = PBXFileReference; lastKnownFileType = sourcecode.swift; path = ScrollableTabBar.swift; sourceTree = "<group>"; };
		DAF531A42688563A008E3D6D /* Pet.swift */ = {isa = PBXFileReference; fileEncoding = 4; lastKnownFileType = sourcecode.swift; path = Pet.swift; sourceTree = "<group>"; };
		DAF531AD268868C6008E3D6D /* GenresEnum.swift */ = {isa = PBXFileReference; lastKnownFileType = sourcecode.swift; path = GenresEnum.swift; sourceTree = "<group>"; };
		DAFABD942686B64400339010 /* CameraView.swift */ = {isa = PBXFileReference; lastKnownFileType = sourcecode.swift; path = CameraView.swift; sourceTree = "<group>"; };
		DAFABD962686B79900339010 /* CameraModel.swift */ = {isa = PBXFileReference; lastKnownFileType = sourcecode.swift; path = CameraModel.swift; sourceTree = "<group>"; };
/* End PBXFileReference section */

/* Begin PBXFrameworksBuildPhase section */
		DABD24CA267ADA890018A3FC /* Frameworks */ = {
			isa = PBXFrameworksBuildPhase;
			buildActionMask = 2147483647;
			files = (
				C83E7BDF9E32C0F8DF4A5126 /* Pods_CalmPets.framework in Frameworks */,
			);
			runOnlyForDeploymentPostprocessing = 0;
		};
/* End PBXFrameworksBuildPhase section */

/* Begin PBXGroup section */
		84319A7E73C63B9ECF6D6A44 /* Frameworks */ = {
			isa = PBXGroup;
			children = (
				8A83A0C51B42A0ABD46AAABA /* Pods_CalmPets.framework */,
			);
			name = Frameworks;
			sourceTree = "<group>";
		};
		C5D18949D88C6CE942B4C686 /* Pods */ = {
			isa = PBXGroup;
			children = (
				D27DECBCBC3E7000122E1488 /* Pods-CalmPets.debug.xcconfig */,
				368277DC047393F694982E8A /* Pods-CalmPets.release.xcconfig */,
			);
			path = Pods;
			sourceTree = "<group>";
		};
		DABD24C4267ADA890018A3FC = {
			isa = PBXGroup;
			children = (
				DABD24CF267ADA890018A3FC /* CalmPets */,
				DABD24CE267ADA890018A3FC /* Products */,
				C5D18949D88C6CE942B4C686 /* Pods */,
				84319A7E73C63B9ECF6D6A44 /* Frameworks */,
			);
			sourceTree = "<group>";
		};
		DABD24CE267ADA890018A3FC /* Products */ = {
			isa = PBXGroup;
			children = (
				DABD24CD267ADA890018A3FC /* CalmPets.app */,
			);
			name = Products;
			sourceTree = "<group>";
		};
		DABD24CF267ADA890018A3FC /* CalmPets */ = {
			isa = PBXGroup;
			children = (
				DABD24D6267ADA8A0018A3FC /* Assets.xcassets */,
				DABD24D4267ADA890018A3FC /* ContentView.swift */,
				DABD24E4267ADCEA0018A3FC /* Delegates */,
				DABD24FA267B0B8E0018A3FC /* Enums */,
				DABD2505267B0BFD0018A3FC /* Firebase */,
				DABD24DE267ADA8B0018A3FC /* Info.plist */,
				DABD250C267B10650018A3FC /* GoogleService-Info.plist */,
				DABD24DB267ADA8A0018A3FC /* LaunchScreen.storyboard */,
				DABD24F4267B0B8E0018A3FC /* Models */,
				DABD24D8267ADA8A0018A3FC /* Preview Content */,
				DABD24FC267B0B8E0018A3FC /* Repositories */,
				DABD24F7267B0B8E0018A3FC /* ViewModels */,
				DABD24E6267ADD290018A3FC /* Views */,
			);
			path = CalmPets;
			sourceTree = "<group>";
		};
		DABD24D8267ADA8A0018A3FC /* Preview Content */ = {
			isa = PBXGroup;
			children = (
				DABD24D9267ADA8A0018A3FC /* Preview Assets.xcassets */,
			);
			path = "Preview Content";
			sourceTree = "<group>";
		};
		DABD24E4267ADCEA0018A3FC /* Delegates */ = {
			isa = PBXGroup;
			children = (
				DABD24D0267ADA890018A3FC /* AppDelegate.swift */,
				DABD24D2267ADA890018A3FC /* SceneDelegate.swift */,
			);
			path = Delegates;
			sourceTree = "<group>";
		};
		DABD24E6267ADD290018A3FC /* Views */ = {
			isa = PBXGroup;
			children = (
				DABD24EF267B09240018A3FC /* Components */,
				DABD2504267B0BAC0018A3FC /* Navigation */,
			);
			path = Views;
			sourceTree = "<group>";
		};
		DABD24EF267B09240018A3FC /* Components */ = {
			isa = PBXGroup;
			children = (
				DABD24F0267B09330018A3FC /* TabBarButton.swift */,
				DABD24F2267B0AC90018A3FC /* TopBar.swift */,
				DABD250A267B0D0B0018A3FC /* PetCard.swift */,
				DABD250E267B918E0018A3FC /* ScrollableTabBar.swift */,
			);
			path = Components;
			sourceTree = "<group>";
		};
		DABD24F4267B0B8E0018A3FC /* Models */ = {
			isa = PBXGroup;
			children = (
				DAF531A42688563A008E3D6D /* Pet.swift */,
				DABD24F5267B0B8E0018A3FC /* PetModel.swift */,
				DAFABD962686B79900339010 /* CameraModel.swift */,
			);
			name = Models;
			path = ../../Calm/Calm/Models;
			sourceTree = "<group>";
		};
		DABD24F7267B0B8E0018A3FC /* ViewModels */ = {
			isa = PBXGroup;
			children = (
				DABD24F8267B0B8E0018A3FC /* PetViewModel.swift */,
				DABD24F9267B0B8E0018A3FC /* PetListViewModel.swift */,
			);
			path = ViewModels;
			sourceTree = "<group>";
		};
		DABD24FA267B0B8E0018A3FC /* Enums */ = {
			isa = PBXGroup;
			children = (
				DABD24FB267B0B8E0018A3FC /* FirestoreCollectionsEnum.swift */,
				DA53B265267C6FA3001D8123 /* AnimalsEnum.swift */,
				DAF531AD268868C6008E3D6D /* GenresEnum.swift */,
			);
			path = Enums;
			sourceTree = "<group>";
		};
		DABD24FC267B0B8E0018A3FC /* Repositories */ = {
			isa = PBXGroup;
			children = (
				DABD24FD267B0B8E0018A3FC /* PetRepository.swift */,
			);
			path = Repositories;
			sourceTree = "<group>";
		};
		DABD2504267B0BAC0018A3FC /* Navigation */ = {
			isa = PBXGroup;
			children = (
				DA53B263267C6F85001D8123 /* PetFormView.swift */,
				DABD24E7267ADD330018A3FC /* HomeView.swift */,
				DABD24EB267AE6090018A3FC /* GeneralPetsView.swift */,
				DABD24ED267AE6200018A3FC /* UserPetsView.swift */,
				DA53B261267C2374001D8123 /* MainView.swift */,
				DAFABD942686B64400339010 /* CameraView.swift */,
			);
			path = Navigation;
			sourceTree = "<group>";
		};
		DABD2505267B0BFD0018A3FC /* Firebase */ = {
			isa = PBXGroup;
			children = (
				DABD2506267B0BFD0018A3FC /* FirebaseUIView.swift */,
				DABD2507267B0BFD0018A3FC /* CustomLoginView.swift */,
			);
			path = Firebase;
			sourceTree = "<group>";
		};
/* End PBXGroup section */

/* Begin PBXNativeTarget section */
		DABD24CC267ADA890018A3FC /* CalmPets */ = {
			isa = PBXNativeTarget;
			buildConfigurationList = DABD24E1267ADA8B0018A3FC /* Build configuration list for PBXNativeTarget "CalmPets" */;
			buildPhases = (
				D91A0A90AF14DD5F09FE5A69 /* [CP] Check Pods Manifest.lock */,
				DABD24C9267ADA890018A3FC /* Sources */,
				DABD24CA267ADA890018A3FC /* Frameworks */,
				DABD24CB267ADA890018A3FC /* Resources */,
				FAB9B4F2BB02FB0E42B790D1 /* [CP] Embed Pods Frameworks */,
				DD2248C2403F43C4E30F4F6A /* [CP] Copy Pods Resources */,
			);
			buildRules = (
			);
			dependencies = (
			);
			name = CalmPets;
			productName = CalmPets;
			productReference = DABD24CD267ADA890018A3FC /* CalmPets.app */;
			productType = "com.apple.product-type.application";
		};
/* End PBXNativeTarget section */

/* Begin PBXProject section */
		DABD24C5267ADA890018A3FC /* Project object */ = {
			isa = PBXProject;
			attributes = {
				LastSwiftUpdateCheck = 1250;
				LastUpgradeCheck = 1250;
				TargetAttributes = {
					DABD24CC267ADA890018A3FC = {
						CreatedOnToolsVersion = 12.5;
					};
				};
			};
			buildConfigurationList = DABD24C8267ADA890018A3FC /* Build configuration list for PBXProject "CalmPets" */;
			compatibilityVersion = "Xcode 9.3";
			developmentRegion = en;
			hasScannedForEncodings = 0;
			knownRegions = (
				en,
				Base,
			);
			mainGroup = DABD24C4267ADA890018A3FC;
			productRefGroup = DABD24CE267ADA890018A3FC /* Products */;
			projectDirPath = "";
			projectRoot = "";
			targets = (
				DABD24CC267ADA890018A3FC /* CalmPets */,
			);
		};
/* End PBXProject section */

/* Begin PBXResourcesBuildPhase section */
		DABD24CB267ADA890018A3FC /* Resources */ = {
			isa = PBXResourcesBuildPhase;
			buildActionMask = 2147483647;
			files = (
				DABD24DD267ADA8A0018A3FC /* LaunchScreen.storyboard in Resources */,
				DABD250D267B10650018A3FC /* GoogleService-Info.plist in Resources */,
				DABD24DA267ADA8A0018A3FC /* Preview Assets.xcassets in Resources */,
				DABD24D7267ADA8A0018A3FC /* Assets.xcassets in Resources */,
			);
			runOnlyForDeploymentPostprocessing = 0;
		};
/* End PBXResourcesBuildPhase section */

/* Begin PBXShellScriptBuildPhase section */
		D91A0A90AF14DD5F09FE5A69 /* [CP] Check Pods Manifest.lock */ = {
			isa = PBXShellScriptBuildPhase;
			buildActionMask = 2147483647;
			files = (
			);
			inputFileListPaths = (
			);
			inputPaths = (
				"${PODS_PODFILE_DIR_PATH}/Podfile.lock",
				"${PODS_ROOT}/Manifest.lock",
			);
			name = "[CP] Check Pods Manifest.lock";
			outputFileListPaths = (
			);
			outputPaths = (
				"$(DERIVED_FILE_DIR)/Pods-CalmPets-checkManifestLockResult.txt",
			);
			runOnlyForDeploymentPostprocessing = 0;
			shellPath = /bin/sh;
			shellScript = "diff \"${PODS_PODFILE_DIR_PATH}/Podfile.lock\" \"${PODS_ROOT}/Manifest.lock\" > /dev/null\nif [ $? != 0 ] ; then\n    # print error to STDERR\n    echo \"error: The sandbox is not in sync with the Podfile.lock. Run 'pod install' or update your CocoaPods installation.\" >&2\n    exit 1\nfi\n# This output is used by Xcode 'outputs' to avoid re-running this script phase.\necho \"SUCCESS\" > \"${SCRIPT_OUTPUT_FILE_0}\"\n";
			showEnvVarsInLog = 0;
		};
		DD2248C2403F43C4E30F4F6A /* [CP] Copy Pods Resources */ = {
			isa = PBXShellScriptBuildPhase;
			buildActionMask = 2147483647;
			files = (
			);
			inputFileListPaths = (
				"${PODS_ROOT}/Target Support Files/Pods-CalmPets/Pods-CalmPets-resources-${CONFIGURATION}-input-files.xcfilelist",
			);
			name = "[CP] Copy Pods Resources";
			outputFileListPaths = (
				"${PODS_ROOT}/Target Support Files/Pods-CalmPets/Pods-CalmPets-resources-${CONFIGURATION}-output-files.xcfilelist",
			);
			runOnlyForDeploymentPostprocessing = 0;
			shellPath = /bin/sh;
			shellScript = "\"${PODS_ROOT}/Target Support Files/Pods-CalmPets/Pods-CalmPets-resources.sh\"\n";
			showEnvVarsInLog = 0;
		};
		FAB9B4F2BB02FB0E42B790D1 /* [CP] Embed Pods Frameworks */ = {
			isa = PBXShellScriptBuildPhase;
			buildActionMask = 2147483647;
			files = (
			);
			inputFileListPaths = (
				"${PODS_ROOT}/Target Support Files/Pods-CalmPets/Pods-CalmPets-frameworks-${CONFIGURATION}-input-files.xcfilelist",
			);
			name = "[CP] Embed Pods Frameworks";
			outputFileListPaths = (
				"${PODS_ROOT}/Target Support Files/Pods-CalmPets/Pods-CalmPets-frameworks-${CONFIGURATION}-output-files.xcfilelist",
			);
			runOnlyForDeploymentPostprocessing = 0;
			shellPath = /bin/sh;
			shellScript = "\"${PODS_ROOT}/Target Support Files/Pods-CalmPets/Pods-CalmPets-frameworks.sh\"\n";
			showEnvVarsInLog = 0;
		};
/* End PBXShellScriptBuildPhase section */

/* Begin PBXSourcesBuildPhase section */
		DABD24C9267ADA890018A3FC /* Sources */ = {
			isa = PBXSourcesBuildPhase;
			buildActionMask = 2147483647;
			files = (
				DABD250F267B918F0018A3FC /* ScrollableTabBar.swift in Sources */,
				DABD24FE267B0B8E0018A3FC /* PetModel.swift in Sources */,
				DAFABD972686B79900339010 /* CameraModel.swift in Sources */,
				DABD24D1267ADA890018A3FC /* AppDelegate.swift in Sources */,
				DABD24EC267AE6090018A3FC /* GeneralPetsView.swift in Sources */,
				DA53B266267C6FA3001D8123 /* AnimalsEnum.swift in Sources */,
				DABD2508267B0BFD0018A3FC /* FirebaseUIView.swift in Sources */,
				DA53B262267C2374001D8123 /* MainView.swift in Sources */,
				DABD24E8267ADD330018A3FC /* HomeView.swift in Sources */,
				DABD24EE267AE6200018A3FC /* UserPetsView.swift in Sources */,
				DAF531A52688563A008E3D6D /* Pet.swift in Sources */,
				DA53B264267C6F85001D8123 /* PetFormView.swift in Sources */,
				DAF531AE268868C6008E3D6D /* GenresEnum.swift in Sources */,
				DABD250B267B0D0B0018A3FC /* PetCard.swift in Sources */,
				DABD24F1267B09330018A3FC /* TabBarButton.swift in Sources */,
				DABD2500267B0B8E0018A3FC /* PetViewModel.swift in Sources */,
				DAFABD952686B64400339010 /* CameraView.swift in Sources */,
				DABD24D3267ADA890018A3FC /* SceneDelegate.swift in Sources */,
				DABD2503267B0B8E0018A3FC /* PetRepository.swift in Sources */,
				DABD24D5267ADA890018A3FC /* ContentView.swift in Sources */,
				DABD2502267B0B8E0018A3FC /* FirestoreCollectionsEnum.swift in Sources */,
				DABD2501267B0B8E0018A3FC /* PetListViewModel.swift in Sources */,
				DABD24F3267B0AC90018A3FC /* TopBar.swift in Sources */,
				DABD2509267B0BFD0018A3FC /* CustomLoginView.swift in Sources */,
			);
			runOnlyForDeploymentPostprocessing = 0;
		};
/* End PBXSourcesBuildPhase section */

/* Begin PBXVariantGroup section */
		DABD24DB267ADA8A0018A3FC /* LaunchScreen.storyboard */ = {
			isa = PBXVariantGroup;
			children = (
				DABD24DC267ADA8A0018A3FC /* Base */,
			);
			name = LaunchScreen.storyboard;
			sourceTree = "<group>";
		};
/* End PBXVariantGroup section */

/* Begin XCBuildConfiguration section */
		DABD24DF267ADA8B0018A3FC /* Debug */ = {
			isa = XCBuildConfiguration;
			buildSettings = {
				ALWAYS_SEARCH_USER_PATHS = NO;
				CLANG_ANALYZER_NONNULL = YES;
				CLANG_ANALYZER_NUMBER_OBJECT_CONVERSION = YES_AGGRESSIVE;
				CLANG_CXX_LANGUAGE_STANDARD = "gnu++14";
				CLANG_CXX_LIBRARY = "libc++";
				CLANG_ENABLE_MODULES = YES;
				CLANG_ENABLE_OBJC_ARC = YES;
				CLANG_ENABLE_OBJC_WEAK = YES;
				CLANG_WARN_BLOCK_CAPTURE_AUTORELEASING = YES;
				CLANG_WARN_BOOL_CONVERSION = YES;
				CLANG_WARN_COMMA = YES;
				CLANG_WARN_CONSTANT_CONVERSION = YES;
				CLANG_WARN_DEPRECATED_OBJC_IMPLEMENTATIONS = YES;
				CLANG_WARN_DIRECT_OBJC_ISA_USAGE = YES_ERROR;
				CLANG_WARN_DOCUMENTATION_COMMENTS = YES;
				CLANG_WARN_EMPTY_BODY = YES;
				CLANG_WARN_ENUM_CONVERSION = YES;
				CLANG_WARN_INFINITE_RECURSION = YES;
				CLANG_WARN_INT_CONVERSION = YES;
				CLANG_WARN_NON_LITERAL_NULL_CONVERSION = YES;
				CLANG_WARN_OBJC_IMPLICIT_RETAIN_SELF = YES;
				CLANG_WARN_OBJC_LITERAL_CONVERSION = YES;
				CLANG_WARN_OBJC_ROOT_CLASS = YES_ERROR;
				CLANG_WARN_QUOTED_INCLUDE_IN_FRAMEWORK_HEADER = YES;
				CLANG_WARN_RANGE_LOOP_ANALYSIS = YES;
				CLANG_WARN_STRICT_PROTOTYPES = YES;
				CLANG_WARN_SUSPICIOUS_MOVE = YES;
				CLANG_WARN_UNGUARDED_AVAILABILITY = YES_AGGRESSIVE;
				CLANG_WARN_UNREACHABLE_CODE = YES;
				CLANG_WARN__DUPLICATE_METHOD_MATCH = YES;
				COPY_PHASE_STRIP = NO;
				DEBUG_INFORMATION_FORMAT = dwarf;
				ENABLE_STRICT_OBJC_MSGSEND = YES;
				ENABLE_TESTABILITY = YES;
				GCC_C_LANGUAGE_STANDARD = gnu11;
				GCC_DYNAMIC_NO_PIC = NO;
				GCC_NO_COMMON_BLOCKS = YES;
				GCC_OPTIMIZATION_LEVEL = 0;
				GCC_PREPROCESSOR_DEFINITIONS = (
					"DEBUG=1",
					"$(inherited)",
				);
				GCC_WARN_64_TO_32_BIT_CONVERSION = YES;
				GCC_WARN_ABOUT_RETURN_TYPE = YES_ERROR;
				GCC_WARN_UNDECLARED_SELECTOR = YES;
				GCC_WARN_UNINITIALIZED_AUTOS = YES_AGGRESSIVE;
				GCC_WARN_UNUSED_FUNCTION = YES;
				GCC_WARN_UNUSED_VARIABLE = YES;
				IPHONEOS_DEPLOYMENT_TARGET = 14.5;
				MTL_ENABLE_DEBUG_INFO = INCLUDE_SOURCE;
				MTL_FAST_MATH = YES;
				ONLY_ACTIVE_ARCH = YES;
				SDKROOT = iphoneos;
				SWIFT_ACTIVE_COMPILATION_CONDITIONS = DEBUG;
				SWIFT_OPTIMIZATION_LEVEL = "-Onone";
			};
			name = Debug;
		};
		DABD24E0267ADA8B0018A3FC /* Release */ = {
			isa = XCBuildConfiguration;
			buildSettings = {
				ALWAYS_SEARCH_USER_PATHS = NO;
				CLANG_ANALYZER_NONNULL = YES;
				CLANG_ANALYZER_NUMBER_OBJECT_CONVERSION = YES_AGGRESSIVE;
				CLANG_CXX_LANGUAGE_STANDARD = "gnu++14";
				CLANG_CXX_LIBRARY = "libc++";
				CLANG_ENABLE_MODULES = YES;
				CLANG_ENABLE_OBJC_ARC = YES;
				CLANG_ENABLE_OBJC_WEAK = YES;
				CLANG_WARN_BLOCK_CAPTURE_AUTORELEASING = YES;
				CLANG_WARN_BOOL_CONVERSION = YES;
				CLANG_WARN_COMMA = YES;
				CLANG_WARN_CONSTANT_CONVERSION = YES;
				CLANG_WARN_DEPRECATED_OBJC_IMPLEMENTATIONS = YES;
				CLANG_WARN_DIRECT_OBJC_ISA_USAGE = YES_ERROR;
				CLANG_WARN_DOCUMENTATION_COMMENTS = YES;
				CLANG_WARN_EMPTY_BODY = YES;
				CLANG_WARN_ENUM_CONVERSION = YES;
				CLANG_WARN_INFINITE_RECURSION = YES;
				CLANG_WARN_INT_CONVERSION = YES;
				CLANG_WARN_NON_LITERAL_NULL_CONVERSION = YES;
				CLANG_WARN_OBJC_IMPLICIT_RETAIN_SELF = YES;
				CLANG_WARN_OBJC_LITERAL_CONVERSION = YES;
				CLANG_WARN_OBJC_ROOT_CLASS = YES_ERROR;
				CLANG_WARN_QUOTED_INCLUDE_IN_FRAMEWORK_HEADER = YES;
				CLANG_WARN_RANGE_LOOP_ANALYSIS = YES;
				CLANG_WARN_STRICT_PROTOTYPES = YES;
				CLANG_WARN_SUSPICIOUS_MOVE = YES;
				CLANG_WARN_UNGUARDED_AVAILABILITY = YES_AGGRESSIVE;
				CLANG_WARN_UNREACHABLE_CODE = YES;
				CLANG_WARN__DUPLICATE_METHOD_MATCH = YES;
				COPY_PHASE_STRIP = NO;
				DEBUG_INFORMATION_FORMAT = "dwarf-with-dsym";
				ENABLE_NS_ASSERTIONS = NO;
				ENABLE_STRICT_OBJC_MSGSEND = YES;
				GCC_C_LANGUAGE_STANDARD = gnu11;
				GCC_NO_COMMON_BLOCKS = YES;
				GCC_WARN_64_TO_32_BIT_CONVERSION = YES;
				GCC_WARN_ABOUT_RETURN_TYPE = YES_ERROR;
				GCC_WARN_UNDECLARED_SELECTOR = YES;
				GCC_WARN_UNINITIALIZED_AUTOS = YES_AGGRESSIVE;
				GCC_WARN_UNUSED_FUNCTION = YES;
				GCC_WARN_UNUSED_VARIABLE = YES;
				IPHONEOS_DEPLOYMENT_TARGET = 14.5;
				MTL_ENABLE_DEBUG_INFO = NO;
				MTL_FAST_MATH = YES;
				SDKROOT = iphoneos;
				SWIFT_COMPILATION_MODE = wholemodule;
				SWIFT_OPTIMIZATION_LEVEL = "-O";
				VALIDATE_PRODUCT = YES;
			};
			name = Release;
		};
		DABD24E2267ADA8B0018A3FC /* Debug */ = {
			isa = XCBuildConfiguration;
			baseConfigurationReference = D27DECBCBC3E7000122E1488 /* Pods-CalmPets.debug.xcconfig */;
			buildSettings = {
				ASSETCATALOG_COMPILER_APPICON_NAME = AppIcon;
				ASSETCATALOG_COMPILER_GLOBAL_ACCENT_COLOR_NAME = AccentColor;
				CODE_SIGN_STYLE = Automatic;
				DEVELOPMENT_ASSET_PATHS = "\"CalmPets/Preview Content\"";
				DEVELOPMENT_TEAM = 9FG8SD99LV;
				ENABLE_PREVIEWS = YES;
				INFOPLIST_FILE = CalmPets/Info.plist;
				LD_RUNPATH_SEARCH_PATHS = (
					"$(inherited)",
					"@executable_path/Frameworks",
				);
				PRODUCT_BUNDLE_IDENTIFIER = com.soyaaroncervantes.CalmPets;
				PRODUCT_NAME = "$(TARGET_NAME)";
				SWIFT_VERSION = 5.0;
				TARGETED_DEVICE_FAMILY = 1;
			};
			name = Debug;
		};
		DABD24E3267ADA8B0018A3FC /* Release */ = {
			isa = XCBuildConfiguration;
			baseConfigurationReference = 368277DC047393F694982E8A /* Pods-CalmPets.release.xcconfig */;
			buildSettings = {
				ASSETCATALOG_COMPILER_APPICON_NAME = AppIcon;
				ASSETCATALOG_COMPILER_GLOBAL_ACCENT_COLOR_NAME = AccentColor;
				CODE_SIGN_STYLE = Automatic;
				DEVELOPMENT_ASSET_PATHS = "\"CalmPets/Preview Content\"";
				DEVELOPMENT_TEAM = 9FG8SD99LV;
				ENABLE_PREVIEWS = YES;
				INFOPLIST_FILE = CalmPets/Info.plist;
				LD_RUNPATH_SEARCH_PATHS = (
					"$(inherited)",
					"@executable_path/Frameworks",
				);
				PRODUCT_BUNDLE_IDENTIFIER = com.soyaaroncervantes.CalmPets;
				PRODUCT_NAME = "$(TARGET_NAME)";
				SWIFT_VERSION = 5.0;
				TARGETED_DEVICE_FAMILY = 1;
			};
			name = Release;
		};
/* End XCBuildConfiguration section */

/* Begin XCConfigurationList section */
		DABD24C8267ADA890018A3FC /* Build configuration list for PBXProject "CalmPets" */ = {
			isa = XCConfigurationList;
			buildConfigurations = (
				DABD24DF267ADA8B0018A3FC /* Debug */,
				DABD24E0267ADA8B0018A3FC /* Release */,
			);
			defaultConfigurationIsVisible = 0;
			defaultConfigurationName = Release;
		};
		DABD24E1267ADA8B0018A3FC /* Build configuration list for PBXNativeTarget "CalmPets" */ = {
			isa = XCConfigurationList;
			buildConfigurations = (
				DABD24E2267ADA8B0018A3FC /* Debug */,
				DABD24E3267ADA8B0018A3FC /* Release */,
			);
			defaultConfigurationIsVisible = 0;
			defaultConfigurationName = Release;
		};
/* End XCConfigurationList section */
	};
	rootObject = DABD24C5267ADA890018A3FC /* Project object */;
}
